
Microsoft Visual Studio Solution File, Format Version 12.00
# Visual Studio 2012
Project("{FAE04EC0-301F-11D3-BF4B-00C04F79EFBC}") = "ParkingBrake", "ParkingBrake\ParkingBrake.csproj", "{273B66F1-2A76-47B2-A772-DEB09EBE6BEE}"
EndProject
Global
	GlobalSection(SolutionConfigurationPlatforms) = preSolution
		Debug|x86 = Debug|x86
		Release|x86 = Release|x86
	EndGlobalSection
	GlobalSection(ProjectConfigurationPlatforms) = postSolution
		{273B66F1-2A76-47B2-A772-DEB09EBE6BEE}.Debug|x86.ActiveCfg = Debug|x86
		{273B66F1-2A76-47B2-A772-DEB09EBE6BEE}.Debug|x86.Build.0 = Debug|x86
		{273B66F1-2A76-47B2-A772-DEB09EBE6BEE}.Release|x86.ActiveCfg = Release|x86
		{273B66F1-2A76-47B2-A772-DEB09EBE6BEE}.Release|x86.Build.0 = Release|x86
	EndGlobalSection
EndGlobal
